{
  "name": "profile-site",
  "lockfileVersion": 2,
  "requires": true,
  "packages": {
    "": {
      "dependencies": {
        "@material-design-icons/font": "^0.14.2",
        "@material-design-icons/svg": "^0.14.2",
        "@material-symbols/svg-400": "^0.4.2",
        "material-icons": "^1.13.1",
        "material-symbols": "^0.4.2"
      }
    },
    "node_modules/@material-design-icons/font": {
      "version": "0.14.2",
      "resolved": "https://registry.npmjs.org/@material-design-icons/font/-/font-0.14.2.tgz",
      "integrity": "sha512-svLx/Q6WidjiSE1rT9joMy241x+gLb0SfNrVR0Kd3GyPyU5HXRmXvjWDj2h2RHzAsgxFqPGez4hL+EmbjZiYSg=="
    },
    "node_modules/@material-design-icons/svg": {
      "version": "0.14.2",
      "resolved": "https://registry.npmjs.org/@material-design-icons/svg/-/svg-0.14.2.tgz",
      "integrity": "sha512-QjAzZmqV+7VI8+0eONVYBvSSlytpR+QQ/elT+YADoYq7R5Tc7kU1PaR0xOrEhwMR9MYK2yhUXqXymP8QY01ehg=="
    },
    "node_modules/@material-symbols/svg-400": {
      "version": "0.4.2",
      "resolved": "https://registry.npmjs.org/@material-symbols/svg-400/-/svg-400-0.4.2.tgz",
      "integrity": "sha512-f6VcA4Ly87C0fQjaLBE0cfEtRWTfLkl52f4SveMi7mkfE4O7p6RMPaLOi+SRHYaDdTyDoEw7rnrsKpec99ni0Q=="
    },
    "node_modules/material-icons": {
      "version": "1.13.1",
      "resolved": "https://registry.npmjs.org/material-icons/-/material-icons-1.13.1.tgz",
      "integrity": "sha512-6EwhlEa4rwydNSWw11ig1oz/h/KcarJXn4n50Wd69v5Eh026Y6xBo9zLPeX4iF8+qUZV862X0AUUA0m0VaihWg=="
    },
    "node_modules/material-symbols": {
      "version": "0.4.2",
      "resolved": "https://registry.npmjs.org/material-symbols/-/material-symbols-0.4.2.tgz",
      "integrity": "sha512-Qqz9o0pui/7MHk4SihG/1yOE7Wwa4iMh7YiXFMZjVIbxRTkP629m8obg5QKGfgfMIU9Xu3RIJB9mzGI3MEPwrg=="
    }
  },
  "dependencies": {
    "@material-design-icons/font": {
      "version": "0.14.2",
      "resolved": "https://registry.npmjs.org/@material-design-icons/font/-/font-0.14.2.tgz",
      "integrity": "sha512-svLx/Q6WidjiSE1rT9joMy241x+gLb0SfNrVR0Kd3GyPyU5HXRmXvjWDj2h2RHzAsgxFqPGez4hL+EmbjZiYSg=="
    },
    "@material-design-icons/svg": {
      "version": "0.14.2",
      "resolved": "https://registry.npmjs.org/@material-design-icons/svg/-/svg-0.14.2.tgz",
      "integrity": "sha512-QjAzZmqV+7VI8+0eONVYBvSSlytpR+QQ/elT+YADoYq7R5Tc7kU1PaR0xOrEhwMR9MYK2yhUXqXymP8QY01ehg=="
    },
    "@material-symbols/svg-400": {
      "version": "0.4.2",
      "resolved": "https://registry.npmjs.org/@material-symbols/svg-400/-/svg-400-0.4.2.tgz",
      "integrity": "sha512-f6VcA4Ly87C0fQjaLBE0cfEtRWTfLkl52f4SveMi7mkfE4O7p6RMPaLOi+SRHYaDdTyDoEw7rnrsKpec99ni0Q=="
    },
    "material-icons": {
      "version": "1.13.1",
      "resolved": "https://registry.npmjs.org/material-icons/-/material-icons-1.13.1.tgz",
      "integrity": "sha512-6EwhlEa4rwydNSWw11ig1oz/h/KcarJXn4n50Wd69v5Eh026Y6xBo9zLPeX4iF8+qUZV862X0AUUA0m0VaihWg=="
    },
    "material-symbols": {
      "version": "0.4.2",
      "resolved": "https://registry.npmjs.org/material-symbols/-/material-symbols-0.4.2.tgz",
      "integrity": "sha512-Qqz9o0pui/7MHk4SihG/1yOE7Wwa4iMh7YiXFMZjVIbxRTkP629m8obg5QKGfgfMIU9Xu3RIJB9mzGI3MEPwrg=="
    }
  }
}
